// !$*UTF8*$!
{
	archiveVersion = 1;
	classes = {
	};
	objectVersion = 50;
	objects = {

/* Begin PBXBuildFile section */
		81A6C3660C9699C9C274A911 /* Pods_SwiftProject.framework in Frameworks */ = {isa = PBXBuildFile; fileRef = 903882D26ADE08340E8D4E02 /* Pods_SwiftProject.framework */; };
		9FE85EACEC4850149C63D063 /* Pods_SwiftProjectTests.framework in Frameworks */ = {isa = PBXBuildFile; fileRef = 56A214DBCD4A8D82317DC964 /* Pods_SwiftProjectTests.framework */; };
		E40DE6B9B55A8510D7C8CB40 /* Pods_SwiftProjectUITests.framework in Frameworks */ = {isa = PBXBuildFile; fileRef = C98B8B6A15E470EEC56FD007 /* Pods_SwiftProjectUITests.framework */; };
		F5AB3321225C59EF0015D793 /* AppDelegate.swift in Sources */ = {isa = PBXBuildFile; fileRef = F5AB3320225C59EF0015D793 /* AppDelegate.swift */; };
		F5AB3323225C59EF0015D793 /* ViewController.swift in Sources */ = {isa = PBXBuildFile; fileRef = F5AB3322225C59EF0015D793 /* ViewController.swift */; };
		F5AB3326225C59EF0015D793 /* Main.storyboard in Resources */ = {isa = PBXBuildFile; fileRef = F5AB3324225C59EF0015D793 /* Main.storyboard */; };
		F5AB3328225C59F60015D793 /* Assets.xcassets in Resources */ = {isa = PBXBuildFile; fileRef = F5AB3327225C59F60015D793 /* Assets.xcassets */; };
		F5AB332B225C59F60015D793 /* LaunchScreen.storyboard in Resources */ = {isa = PBXBuildFile; fileRef = F5AB3329225C59F60015D793 /* LaunchScreen.storyboard */; };
		F5AB3336225C59F60015D793 /* SwiftProjectTests.swift in Sources */ = {isa = PBXBuildFile; fileRef = F5AB3335225C59F60015D793 /* SwiftProjectTests.swift */; };
		F5AB3341225C59F60015D793 /* SwiftProjectUITests.swift in Sources */ = {isa = PBXBuildFile; fileRef = F5AB3340225C59F60015D793 /* SwiftProjectUITests.swift */; };
/* End PBXBuildFile section */

/* Begin PBXContainerItemProxy section */
		F5AB3332225C59F60015D793 /* PBXContainerItemProxy */ = {
			isa = PBXContainerItemProxy;
			containerPortal = F5AB3315225C59EF0015D793 /* Project object */;
			proxyType = 1;
			remoteGlobalIDString = F5AB331C225C59EF0015D793;
			remoteInfo = SwiftProject;
		};
		F5AB333D225C59F60015D793 /* PBXContainerItemProxy */ = {
			isa = PBXContainerItemProxy;
			containerPortal = F5AB3315225C59EF0015D793 /* Project object */;
			proxyType = 1;
			remoteGlobalIDString = F5AB331C225C59EF0015D793;
			remoteInfo = SwiftProject;
		};
/* End PBXContainerItemProxy section */

/* Begin PBXFileReference section */
		54A64135ECF32B873B4BA820 /* Pods-SwiftProjectUITests.release.xcconfig */ = {isa = PBXFileReference; includeInIndex = 1; lastKnownFileType = text.xcconfig; name = "Pods-SwiftProjectUITests.release.xcconfig"; path = "Target Support Files/Pods-SwiftProjectUITests/Pods-SwiftProjectUITests.release.xcconfig"; sourceTree = "<group>"; };
		56A214DBCD4A8D82317DC964 /* Pods_SwiftProjectTests.framework */ = {isa = PBXFileReference; explicitFileType = wrapper.framework; includeInIndex = 0; path = Pods_SwiftProjectTests.framework; sourceTree = BUILT_PRODUCTS_DIR; };
		7CEC51A210412682E4BBE163 /* Pods-SwiftProjectTests.debug.xcconfig */ = {isa = PBXFileReference; includeInIndex = 1; lastKnownFileType = text.xcconfig; name = "Pods-SwiftProjectTests.debug.xcconfig"; path = "Target Support Files/Pods-SwiftProjectTests/Pods-SwiftProjectTests.debug.xcconfig"; sourceTree = "<group>"; };
		903882D26ADE08340E8D4E02 /* Pods_SwiftProject.framework */ = {isa = PBXFileReference; explicitFileType = wrapper.framework; includeInIndex = 0; path = Pods_SwiftProject.framework; sourceTree = BUILT_PRODUCTS_DIR; };
		B348C1A0F5491FF051FB3E31 /* Pods-SwiftProjectTests.release.xcconfig */ = {isa = PBXFileReference; includeInIndex = 1; lastKnownFileType = text.xcconfig; name = "Pods-SwiftProjectTests.release.xcconfig"; path = "Target Support Files/Pods-SwiftProjectTests/Pods-SwiftProjectTests.release.xcconfig"; sourceTree = "<group>"; };
		C98B8B6A15E470EEC56FD007 /* Pods_SwiftProjectUITests.framework */ = {isa = PBXFileReference; explicitFileType = wrapper.framework; includeInIndex = 0; path = Pods_SwiftProjectUITests.framework; sourceTree = BUILT_PRODUCTS_DIR; };
		D422BB7E3218B80F5690F9DC /* Pods-SwiftProjectUITests.debug.xcconfig */ = {isa = PBXFileReference; includeInIndex = 1; lastKnownFileType = text.xcconfig; name = "Pods-SwiftProjectUITests.debug.xcconfig"; path = "Target Support Files/Pods-SwiftProjectUITests/Pods-SwiftProjectUITests.debug.xcconfig"; sourceTree = "<group>"; };
		ED2D039036F81C0D8729A0EA /* Pods-SwiftProject.debug.xcconfig */ = {isa = PBXFileReference; includeInIndex = 1; lastKnownFileType = text.xcconfig; name = "Pods-SwiftProject.debug.xcconfig"; path = "Target Support Files/Pods-SwiftProject/Pods-SwiftProject.debug.xcconfig"; sourceTree = "<group>"; };
		F58AAC9DBAAD6E23569200EB /* Pods-SwiftProject.release.xcconfig */ = {isa = PBXFileReference; includeInIndex = 1; lastKnownFileType = text.xcconfig; name = "Pods-SwiftProject.release.xcconfig"; path = "Target Support Files/Pods-SwiftProject/Pods-SwiftProject.release.xcconfig"; sourceTree = "<group>"; };
		F5AB331D225C59EF0015D793 /* SwiftProject.app */ = {isa = PBXFileReference; explicitFileType = wrapper.application; includeInIndex = 0; path = SwiftProject.app; sourceTree = BUILT_PRODUCTS_DIR; };
		F5AB3320225C59EF0015D793 /* AppDelegate.swift */ = {isa = PBXFileReference; lastKnownFileType = sourcecode.swift; path = AppDelegate.swift; sourceTree = "<group>"; };
		F5AB3322225C59EF0015D793 /* ViewController.swift */ = {isa = PBXFileReference; lastKnownFileType = sourcecode.swift; path = ViewController.swift; sourceTree = "<group>"; };
		F5AB3325225C59EF0015D793 /* Base */ = {isa = PBXFileReference; lastKnownFileType = file.storyboard; name = Base; path = Base.lproj/Main.storyboard; sourceTree = "<group>"; };
		F5AB3327225C59F60015D793 /* Assets.xcassets */ = {isa = PBXFileReference; lastKnownFileType = folder.assetcatalog; path = Assets.xcassets; sourceTree = "<group>"; };
		F5AB332A225C59F60015D793 /* Base */ = {isa = PBXFileReference; lastKnownFileType = file.storyboard; name = Base; path = Base.lproj/LaunchScreen.storyboard; sourceTree = "<group>"; };
		F5AB332C225C59F60015D793 /* Info.plist */ = {isa = PBXFileReference; lastKnownFileType = text.plist.xml; path = Info.plist; sourceTree = "<group>"; };
		F5AB3331225C59F60015D793 /* SwiftProjectTests.xctest */ = {isa = PBXFileReference; explicitFileType = wrapper.cfbundle; includeInIndex = 0; path = SwiftProjectTests.xctest; sourceTree = BUILT_PRODUCTS_DIR; };
		F5AB3335225C59F60015D793 /* SwiftProjectTests.swift */ = {isa = PBXFileReference; lastKnownFileType = sourcecode.swift; path = SwiftProjectTests.swift; sourceTree = "<group>"; };
		F5AB3337225C59F60015D793 /* Info.plist */ = {isa = PBXFileReference; lastKnownFileType = text.plist.xml; path = Info.plist; sourceTree = "<group>"; };
		F5AB333C225C59F60015D793 /* SwiftProjectUITests.xctest */ = {isa = PBXFileReference; explicitFileType = wrapper.cfbundle; includeInIndex = 0; path = SwiftProjectUITests.xctest; sourceTree = BUILT_PRODUCTS_DIR; };
		F5AB3340225C59F60015D793 /* SwiftProjectUITests.swift */ = {isa = PBXFileReference; lastKnownFileType = sourcecode.swift; path = SwiftProjectUITests.swift; sourceTree = "<group>"; };
		F5AB3342225C59F60015D793 /* Info.plist */ = {isa = PBXFileReference; lastKnownFileType = text.plist.xml; path = Info.plist; sourceTree = "<group>"; };
		F5AB334E225C5B8B0015D793 /* SwiftProject-Bridging-Header.h */ = {isa = PBXFileReference; lastKnownFileType = sourcecode.c.h; path = "SwiftProject-Bridging-Header.h"; sourceTree = "<group>"; };
/* End PBXFileReference section */

/* Begin PBXFrameworksBuildPhase section */
		F5AB331A225C59EF0015D793 /* Frameworks */ = {
			isa = PBXFrameworksBuildPhase;
			buildActionMask = 2147483647;
			files = (
				81A6C3660C9699C9C274A911 /* Pods_SwiftProject.framework in Frameworks */,
			);
			runOnlyForDeploymentPostprocessing = 0;
		};
		F5AB332E225C59F60015D793 /* Frameworks */ = {
			isa = PBXFrameworksBuildPhase;
			buildActionMask = 2147483647;
			files = (
				9FE85EACEC4850149C63D063 /* Pods_SwiftProjectTests.framework in Frameworks */,
			);
			runOnlyForDeploymentPostprocessing = 0;
		};
		F5AB3339225C59F60015D793 /* Frameworks */ = {
			isa = PBXFrameworksBuildPhase;
			buildActionMask = 2147483647;
			files = (
				E40DE6B9B55A8510D7C8CB40 /* Pods_SwiftProjectUITests.framework in Frameworks */,
			);
			runOnlyForDeploymentPostprocessing = 0;
		};
/* End PBXFrameworksBuildPhase section */

/* Begin PBXGroup section */
		7AE66671A26054BC1B8F1438 /* Pods */ = {
			isa = PBXGroup;
			children = (
				ED2D039036F81C0D8729A0EA /* Pods-SwiftProject.debug.xcconfig */,
				F58AAC9DBAAD6E23569200EB /* Pods-SwiftProject.release.xcconfig */,
				7CEC51A210412682E4BBE163 /* Pods-SwiftProjectTests.debug.xcconfig */,
				B348C1A0F5491FF051FB3E31 /* Pods-SwiftProjectTests.release.xcconfig */,
				D422BB7E3218B80F5690F9DC /* Pods-SwiftProjectUITests.debug.xcconfig */,
				54A64135ECF32B873B4BA820 /* Pods-SwiftProjectUITests.release.xcconfig */,
			);
			path = Pods;
			sourceTree = "<group>";
		};
		9F98C5F97CF2C04FF489521F /* Frameworks */ = {
			isa = PBXGroup;
			children = (
				903882D26ADE08340E8D4E02 /* Pods_SwiftProject.framework */,
				56A214DBCD4A8D82317DC964 /* Pods_SwiftProjectTests.framework */,
				C98B8B6A15E470EEC56FD007 /* Pods_SwiftProjectUITests.framework */,
			);
			name = Frameworks;
			sourceTree = "<group>";
		};
		F5AB3314225C59EF0015D793 = {
			isa = PBXGroup;
			children = (
				F5AB331F225C59EF0015D793 /* SwiftProject */,
				F5AB3334225C59F60015D793 /* SwiftProjectTests */,
				F5AB333F225C59F60015D793 /* SwiftProjectUITests */,
				F5AB331E225C59EF0015D793 /* Products */,
				7AE66671A26054BC1B8F1438 /* Pods */,
				9F98C5F97CF2C04FF489521F /* Frameworks */,
			);
			sourceTree = "<group>";
		};
		F5AB331E225C59EF0015D793 /* Products */ = {
			isa = PBXGroup;
			children = (
				F5AB331D225C59EF0015D793 /* SwiftProject.app */,
				F5AB3331225C59F60015D793 /* SwiftProjectTests.xctest */,
				F5AB333C225C59F60015D793 /* SwiftProjectUITests.xctest */,
			);
			name = Products;
			sourceTree = "<group>";
		};
		F5AB331F225C59EF0015D793 /* SwiftProject */ = {
			isa = PBXGroup;
			children = (
				F5AB3320225C59EF0015D793 /* AppDelegate.swift */,
				F5AB3322225C59EF0015D793 /* ViewController.swift */,
				F5AB3324225C59EF0015D793 /* Main.storyboard */,
				F5AB3327225C59F60015D793 /* Assets.xcassets */,
				F5AB3329225C59F60015D793 /* LaunchScreen.storyboard */,
				F5AB332C225C59F60015D793 /* Info.plist */,
				F5AB334E225C5B8B0015D793 /* SwiftProject-Bridging-Header.h */,
			);
			path = SwiftProject;
			sourceTree = "<group>";
		};
		F5AB3334225C59F60015D793 /* SwiftProjectTests */ = {
			isa = PBXGroup;
			children = (
				F5AB3335225C59F60015D793 /* SwiftProjectTests.swift */,
				F5AB3337225C59F60015D793 /* Info.plist */,
			);
			path = SwiftProjectTests;
			sourceTree = "<group>";
		};
		F5AB333F225C59F60015D793 /* SwiftProjectUITests */ = {
			isa = PBXGroup;
			children = (
				F5AB3340225C59F60015D793 /* SwiftProjectUITests.swift */,
				F5AB3342225C59F60015D793 /* Info.plist */,
			);
			path = SwiftProjectUITests;
			sourceTree = "<group>";
		};
/* End PBXGroup section */

/* Begin PBXNativeTarget section */
		F5AB331C225C59EF0015D793 /* SwiftProject */ = {
			isa = PBXNativeTarget;
			buildConfigurationList = F5AB3345225C59F60015D793 /* Build configuration list for PBXNativeTarget "SwiftProject" */;
			buildPhases = (
				F265F0542E1BA0BBEE86C480 /* [CP] Check Pods Manifest.lock */,
				F5AB3319225C59EF0015D793 /* Sources */,
				F5AB331A225C59EF0015D793 /* Frameworks */,
				F5AB331B225C59EF0015D793 /* Resources */,
				C04BCA522C34EC23DA095BC9 /* [CP] Embed Pods Frameworks */,
			);
			buildRules = (
			);
			dependencies = (
			);
			name = SwiftProject;
			productName = SwiftProject;
			productReference = F5AB331D225C59EF0015D793 /* SwiftProject.app */;
			productType = "com.apple.product-type.application";
		};
		F5AB3330225C59F60015D793 /* SwiftProjectTests */ = {
			isa = PBXNativeTarget;
			buildConfigurationList = F5AB3348225C59F60015D793 /* Build configuration list for PBXNativeTarget "SwiftProjectTests" */;
			buildPhases = (
				DEC8F6F467176D06668A9375 /* [CP] Check Pods Manifest.lock */,
				F5AB332D225C59F60015D793 /* Sources */,
				F5AB332E225C59F60015D793 /* Frameworks */,
				F5AB332F225C59F60015D793 /* Resources */,
			);
			buildRules = (
			);
			dependencies = (
				F5AB3333225C59F60015D793 /* PBXTargetDependency */,
			);
			name = SwiftProjectTests;
			productName = SwiftProjectTests;
			productReference = F5AB3331225C59F60015D793 /* SwiftProjectTests.xctest */;
			productType = "com.apple.product-type.bundle.unit-test";
		};
		F5AB333B225C59F60015D793 /* SwiftProjectUITests */ = {
			isa = PBXNativeTarget;
			buildConfigurationList = F5AB334B225C59F60015D793 /* Build configuration list for PBXNativeTarget "SwiftProjectUITests" */;
			buildPhases = (
				93699D84CE899CF86B3B9AC3 /* [CP] Check Pods Manifest.lock */,
				F5AB3338225C59F60015D793 /* Sources */,
				F5AB3339225C59F60015D793 /* Frameworks */,
				F5AB333A225C59F60015D793 /* Resources */,
			);
			buildRules = (
			);
			dependencies = (
				F5AB333E225C59F60015D793 /* PBXTargetDependency */,
			);
			name = SwiftProjectUITests;
			productName = SwiftProjectUITests;
			productReference = F5AB333C225C59F60015D793 /* SwiftProjectUITests.xctest */;
			productType = "com.apple.product-type.bundle.ui-testing";
		};
/* End PBXNativeTarget section */

/* Begin PBXProject section */
		F5AB3315225C59EF0015D793 /* Project object */ = {
			isa = PBXProject;
			attributes = {
				LastSwiftUpdateCheck = 1020;
				LastUpgradeCheck = 1020;
				ORGANIZATIONNAME = Dev;
				TargetAttributes = {
					F5AB331C225C59EF0015D793 = {
						CreatedOnToolsVersion = 10.2;
						LastSwiftMigration = 1020;
					};
					F5AB3330225C59F60015D793 = {
						CreatedOnToolsVersion = 10.2;
						TestTargetID = F5AB331C225C59EF0015D793;
					};
					F5AB333B225C59F60015D793 = {
						CreatedOnToolsVersion = 10.2;
						TestTargetID = F5AB331C225C59EF0015D793;
					};
				};
			};
			buildConfigurationList = F5AB3318225C59EF0015D793 /* Build configuration list for PBXProject "SwiftProject" */;
			compatibilityVersion = "Xcode 9.3";
			developmentRegion = en;
			hasScannedForEncodings = 0;
			knownRegions = (
				en,
				Base,
			);
			mainGroup = F5AB3314225C59EF0015D793;
			productRefGroup = F5AB331E225C59EF0015D793 /* Products */;
			projectDirPath = "";
			projectRoot = "";
			targets = (
				F5AB331C225C59EF0015D793 /* SwiftProject */,
				F5AB3330225C59F60015D793 /* SwiftProjectTests */,
				F5AB333B225C59F60015D793 /* SwiftProjectUITests */,
			);
		};
/* End PBXProject section */

/* Begin PBXResourcesBuildPhase section */
		F5AB331B225C59EF0015D793 /* Resources */ = {
			isa = PBXResourcesBuildPhase;
			buildActionMask = 2147483647;
			files = (
				F5AB332B225C59F60015D793 /* LaunchScreen.storyboard in Resources */,
				F5AB3328225C59F60015D793 /* Assets.xcassets in Resources */,
				F5AB3326225C59EF0015D793 /* Main.storyboard in Resources */,
			);
			runOnlyForDeploymentPostprocessing = 0;
		};
		F5AB332F225C59F60015D793 /* Resources */ = {
			isa = PBXResourcesBuildPhase;
			buildActionMask = 2147483647;
			files = (
			);
			runOnlyForDeploymentPostprocessing = 0;
		};
		F5AB333A225C59F60015D793 /* Resources */ = {
			isa = PBXResourcesBuildPhase;
			buildActionMask = 2147483647;
			files = (
			);
			runOnlyForDeploymentPostprocessing = 0;
		};
/* End PBXResourcesBuildPhase section */

/* Begin PBXShellScriptBuildPhase section */
		93699D84CE899CF86B3B9AC3 /* [CP] Check Pods Manifest.lock */ = {
			isa = PBXShellScriptBuildPhase;
			buildActionMask = 2147483647;
			files = (
			);
			inputFileListPaths = (
			);
			inputPaths = (
				"${PODS_PODFILE_DIR_PATH}/Podfile.lock",
				"${PODS_ROOT}/Manifest.lock",
			);
			name = "[CP] Check Pods Manifest.lock";
			outputFileListPaths = (
			);
			outputPaths = (
				"$(DERIVED_FILE_DIR)/Pods-SwiftProjectUITests-checkManifestLockResult.txt",
			);
			runOnlyForDeploymentPostprocessing = 0;
			shellPath = /bin/sh;
			shellScript = "diff \"${PODS_PODFILE_DIR_PATH}/Podfile.lock\" \"${PODS_ROOT}/Manifest.lock\" > /dev/null\nif [ $? != 0 ] ; then\n    # print error to STDERR\n    echo \"error: The sandbox is not in sync with the Podfile.lock. Run 'pod install' or update your CocoaPods installation.\" >&2\n    exit 1\nfi\n# This output is used by Xcode 'outputs' to avoid re-running this script phase.\necho \"SUCCESS\" > \"${SCRIPT_OUTPUT_FILE_0}\"\n";
			showEnvVarsInLog = 0;
		};
		C04BCA522C34EC23DA095BC9 /* [CP] Embed Pods Frameworks */ = {
			isa = PBXShellScriptBuildPhase;
			buildActionMask = 2147483647;
			files = (
			);
			inputFileListPaths = (
			);
			inputPaths = (
				"${PODS_ROOT}/Target Support Files/Pods-SwiftProject/Pods-SwiftProject-frameworks.sh",
				"${BUILT_PRODUCTS_DIR}/DGActivityIndicatorView/DGActivityIndicatorView.framework",
			);
			name = "[CP] Embed Pods Frameworks";
			outputFileListPaths = (
			);
			outputPaths = (
				"${TARGET_BUILD_DIR}/${FRAMEWORKS_FOLDER_PATH}/DGActivityIndicatorView.framework",
			);
			runOnlyForDeploymentPostprocessing = 0;
			shellPath = /bin/sh;
			shellScript = "\"${PODS_ROOT}/Target Support Files/Pods-SwiftProject/Pods-SwiftProject-frameworks.sh\"\n";
			showEnvVarsInLog = 0;
		};
		DEC8F6F467176D06668A9375 /* [CP] Check Pods Manifest.lock */ = {
			isa = PBXShellScriptBuildPhase;
			buildActionMask = 2147483647;
			files = (
			);
			inputFileListPaths = (
			);
			inputPaths = (
				"${PODS_PODFILE_DIR_PATH}/Podfile.lock",
				"${PODS_ROOT}/Manifest.lock",
			);
			name = "[CP] Check Pods Manifest.lock";
			outputFileListPaths = (
			);
			outputPaths = (
				"$(DERIVED_FILE_DIR)/Pods-SwiftProjectTests-checkManifestLockResult.txt",
			);
			runOnlyForDeploymentPostprocessing = 0;
			shellPath = /bin/sh;
			shellScript = "diff \"${PODS_PODFILE_DIR_PATH}/Podfile.lock\" \"${PODS_ROOT}/Manifest.lock\" > /dev/null\nif [ $? != 0 ] ; then\n    # print error to STDERR\n    echo \"error: The sandbox is not in sync with the Podfile.lock. Run 'pod install' or update your CocoaPods installation.\" >&2\n    exit 1\nfi\n# This output is used by Xcode 'outputs' to avoid re-running this script phase.\necho \"SUCCESS\" > \"${SCRIPT_OUTPUT_FILE_0}\"\n";
			showEnvVarsInLog = 0;
		};
		F265F0542E1BA0BBEE86C480 /* [CP] Check Pods Manifest.lock */ = {
			isa = PBXShellScriptBuildPhase;
			buildActionMask = 2147483647;
			files = (
			);
			inputFileListPaths = (
			);
			inputPaths = (
				"${PODS_PODFILE_DIR_PATH}/Podfile.lock",
				"${PODS_ROOT}/Manifest.lock",
			);
			name = "[CP] Check Pods Manifest.lock";
			outputFileListPaths = (
			);
			outputPaths = (
				"$(DERIVED_FILE_DIR)/Pods-SwiftProject-checkManifestLockResult.txt",
			);
			runOnlyForDeploymentPostprocessing = 0;
			shellPath = /bin/sh;
			shellScript = "diff \"${PODS_PODFILE_DIR_PATH}/Podfile.lock\" \"${PODS_ROOT}/Manifest.lock\" > /dev/null\nif [ $? != 0 ] ; then\n    # print error to STDERR\n    echo \"error: The sandbox is not in sync with the Podfile.lock. Run 'pod install' or update your CocoaPods installation.\" >&2\n    exit 1\nfi\n# This output is used by Xcode 'outputs' to avoid re-running this script phase.\necho \"SUCCESS\" > \"${SCRIPT_OUTPUT_FILE_0}\"\n";
			showEnvVarsInLog = 0;
		};
/* End PBXShellScriptBuildPhase section */

/* Begin PBXSourcesBuildPhase section */
		F5AB3319225C59EF0015D793 /* Sources */ = {
			isa = PBXSourcesBuildPhase;
			buildActionMask = 2147483647;
			files = (
				F5AB3323225C59EF0015D793 /* ViewController.swift in Sources */,
				F5AB3321225C59EF0015D793 /* AppDelegate.swift in Sources */,
			);
			runOnlyForDeploymentPostprocessing = 0;
		};
		F5AB332D225C59F60015D793 /* Sources */ = {
			isa = PBXSourcesBuildPhase;
			buildActionMask = 2147483647;
			files = (
				F5AB3336225C59F60015D793 /* SwiftProjectTests.swift in Sources */,
			);
			runOnlyForDeploymentPostprocessing = 0;
		};
		F5AB3338225C59F60015D793 /* Sources */ = {
			isa = PBXSourcesBuildPhase;
			buildActionMask = 2147483647;
			files = (
				F5AB3341225C59F60015D793 /* SwiftProjectUITests.swift in Sources */,
			);
			runOnlyForDeploymentPostprocessing = 0;
		};
/* End PBXSourcesBuildPhase section */

/* Begin PBXTargetDependency section */
		F5AB3333225C59F60015D793 /* PBXTargetDependency */ = {
			isa = PBXTargetDependency;
			target = F5AB331C225C59EF0015D793 /* SwiftProject */;
			targetProxy = F5AB3332225C59F60015D793 /* PBXContainerItemProxy */;
		};
		F5AB333E225C59F60015D793 /* PBXTargetDependency */ = {
			isa = PBXTargetDependency;
			target = F5AB331C225C59EF0015D793 /* SwiftProject */;
			targetProxy = F5AB333D225C59F60015D793 /* PBXContainerItemProxy */;
		};
/* End PBXTargetDependency section */

/* Begin PBXVariantGroup section */
		F5AB3324225C59EF0015D793 /* Main.storyboard */ = {
			isa = PBXVariantGroup;
			children = (
				F5AB3325225C59EF0015D793 /* Base */,
			);
			name = Main.storyboard;
			sourceTree = "<group>";
		};
		F5AB3329225C59F60015D793 /* LaunchScreen.storyboard */ = {
			isa = PBXVariantGroup;
			children = (
				F5AB332A225C59F60015D793 /* Base */,
			);
			name = LaunchScreen.storyboard;
			sourceTree = "<group>";
		};
/* End PBXVariantGroup section */

/* Begin XCBuildConfiguration section */
		F5AB3343225C59F60015D793 /* Debug */ = {
			isa = XCBuildConfiguration;
			buildSettings = {
				ALWAYS_SEARCH_USER_PATHS = NO;
				CLANG_ANALYZER_NONNULL = YES;
				CLANG_ANALYZER_NUMBER_OBJECT_CONVERSION = YES_AGGRESSIVE;
				CLANG_CXX_LANGUAGE_STANDARD = "gnu++14";
				CLANG_CXX_LIBRARY = "libc++";
				CLANG_ENABLE_MODULES = YES;
				CLANG_ENABLE_OBJC_ARC = YES;
				CLANG_ENABLE_OBJC_WEAK = YES;
				CLANG_WARN_BLOCK_CAPTURE_AUTORELEASING = YES;
				CLANG_WARN_BOOL_CONVERSION = YES;
				CLANG_WARN_COMMA = YES;
				CLANG_WARN_CONSTANT_CONVERSION = YES;
				CLANG_WARN_DEPRECATED_OBJC_IMPLEMENTATIONS = YES;
				CLANG_WARN_DIRECT_OBJC_ISA_USAGE = YES_ERROR;
				CLANG_WARN_DOCUMENTATION_COMMENTS = YES;
				CLANG_WARN_EMPTY_BODY = YES;
				CLANG_WARN_ENUM_CONVERSION = YES;
				CLANG_WARN_INFINITE_RECURSION = YES;
				CLANG_WARN_INT_CONVERSION = YES;
				CLANG_WARN_NON_LITERAL_NULL_CONVERSION = YES;
				CLANG_WARN_OBJC_IMPLICIT_RETAIN_SELF = YES;
				CLANG_WARN_OBJC_LITERAL_CONVERSION = YES;
				CLANG_WARN_OBJC_ROOT_CLASS = YES_ERROR;
				CLANG_WARN_RANGE_LOOP_ANALYSIS = YES;
				CLANG_WARN_STRICT_PROTOTYPES = YES;
				CLANG_WARN_SUSPICIOUS_MOVE = YES;
				CLANG_WARN_UNGUARDED_AVAILABILITY = YES_AGGRESSIVE;
				CLANG_WARN_UNREACHABLE_CODE = YES;
				CLANG_WARN__DUPLICATE_METHOD_MATCH = YES;
				CODE_SIGN_IDENTITY = "iPhone Developer";
				COPY_PHASE_STRIP = NO;
				DEBUG_INFORMATION_FORMAT = dwarf;
				ENABLE_STRICT_OBJC_MSGSEND = YES;
				ENABLE_TESTABILITY = YES;
				GCC_C_LANGUAGE_STANDARD = gnu11;
				GCC_DYNAMIC_NO_PIC = NO;
				GCC_NO_COMMON_BLOCKS = YES;
				GCC_OPTIMIZATION_LEVEL = 0;
				GCC_PREPROCESSOR_DEFINITIONS = (
					"DEBUG=1",
					"$(inherited)",
				);
				GCC_WARN_64_TO_32_BIT_CONVERSION = YES;
				GCC_WARN_ABOUT_RETURN_TYPE = YES_ERROR;
				GCC_WARN_UNDECLARED_SELECTOR = YES;
				GCC_WARN_UNINITIALIZED_AUTOS = YES_AGGRESSIVE;
				GCC_WARN_UNUSED_FUNCTION = YES;
				GCC_WARN_UNUSED_VARIABLE = YES;
				IPHONEOS_DEPLOYMENT_TARGET = 12.2;
				MTL_ENABLE_DEBUG_INFO = INCLUDE_SOURCE;
				MTL_FAST_MATH = YES;
				ONLY_ACTIVE_ARCH = YES;
				SDKROOT = iphoneos;
				SWIFT_ACTIVE_COMPILATION_CONDITIONS = DEBUG;
				SWIFT_OPTIMIZATION_LEVEL = "-Onone";
			};
			name = Debug;
		};
		F5AB3344225C59F60015D793 /* Release */ = {
			isa = XCBuildConfiguration;
			buildSettings = {
				ALWAYS_SEARCH_USER_PATHS = NO;
				CLANG_ANALYZER_NONNULL = YES;
				CLANG_ANALYZER_NUMBER_OBJECT_CONVERSION = YES_AGGRESSIVE;
				CLANG_CXX_LANGUAGE_STANDARD = "gnu++14";
				CLANG_CXX_LIBRARY = "libc++";
				CLANG_ENABLE_MODULES = YES;
				CLANG_ENABLE_OBJC_ARC = YES;
				CLANG_ENABLE_OBJC_WEAK = YES;
				CLANG_WARN_BLOCK_CAPTURE_AUTORELEASING = YES;
				CLANG_WARN_BOOL_CONVERSION = YES;
				CLANG_WARN_COMMA = YES;
				CLANG_WARN_CONSTANT_CONVERSION = YES;
				CLANG_WARN_DEPRECATED_OBJC_IMPLEMENTATIONS = YES;
				CLANG_WARN_DIRECT_OBJC_ISA_USAGE = YES_ERROR;
				CLANG_WARN_DOCUMENTATION_COMMENTS = YES;
				CLANG_WARN_EMPTY_BODY = YES;
				CLANG_WARN_ENUM_CONVERSION = YES;
				CLANG_WARN_INFINITE_RECURSION = YES;
				CLANG_WARN_INT_CONVERSION = YES;
				CLANG_WARN_NON_LITERAL_NULL_CONVERSION = YES;
				CLANG_WARN_OBJC_IMPLICIT_RETAIN_SELF = YES;
				CLANG_WARN_OBJC_LITERAL_CONVERSION = YES;
				CLANG_WARN_OBJC_ROOT_CLASS = YES_ERROR;
				CLANG_WARN_RANGE_LOOP_ANALYSIS = YES;
				CLANG_WARN_STRICT_PROTOTYPES = YES;
				CLANG_WARN_SUSPICIOUS_MOVE = YES;
				CLANG_WARN_UNGUARDED_AVAILABILITY = YES_AGGRESSIVE;
				CLANG_WARN_UNREACHABLE_CODE = YES;
				CLANG_WARN__DUPLICATE_METHOD_MATCH = YES;
				CODE_SIGN_IDENTITY = "iPhone Developer";
				COPY_PHASE_STRIP = NO;
				DEBUG_INFORMATION_FORMAT = "dwarf-with-dsym";
				ENABLE_NS_ASSERTIONS = NO;
				ENABLE_STRICT_OBJC_MSGSEND = YES;
				GCC_C_LANGUAGE_STANDARD = gnu11;
				GCC_NO_COMMON_BLOCKS = YES;
				GCC_WARN_64_TO_32_BIT_CONVERSION = YES;
				GCC_WARN_ABOUT_RETURN_TYPE = YES_ERROR;
				GCC_WARN_UNDECLARED_SELECTOR = YES;
				GCC_WARN_UNINITIALIZED_AUTOS = YES_AGGRESSIVE;
				GCC_WARN_UNUSED_FUNCTION = YES;
				GCC_WARN_UNUSED_VARIABLE = YES;
				IPHONEOS_DEPLOYMENT_TARGET = 12.2;
				MTL_ENABLE_DEBUG_INFO = NO;
				MTL_FAST_MATH = YES;
				SDKROOT = iphoneos;
				SWIFT_COMPILATION_MODE = wholemodule;
				SWIFT_OPTIMIZATION_LEVEL = "-O";
				VALIDATE_PRODUCT = YES;
			};
			name = Release;
		};
		F5AB3346225C59F60015D793 /* Debug */ = {
			isa = XCBuildConfiguration;
			baseConfigurationReference = ED2D039036F81C0D8729A0EA /* Pods-SwiftProject.debug.xcconfig */;
			buildSettings = {
				ASSETCATALOG_COMPILER_APPICON_NAME = AppIcon;
				CLANG_ENABLE_MODULES = YES;
				CODE_SIGN_STYLE = Automatic;
				INFOPLIST_FILE = SwiftProject/Info.plist;
				LD_RUNPATH_SEARCH_PATHS = (
					"$(inherited)",
					"@executable_path/Frameworks",
				);
				PRODUCT_BUNDLE_IDENTIFIER = slider.SwiftProject;
				PRODUCT_NAME = "$(TARGET_NAME)";
				SWIFT_OBJC_BRIDGING_HEADER = "SwiftProject/SwiftProject-Bridging-Header.h";
				SWIFT_OPTIMIZATION_LEVEL = "-Onone";
				SWIFT_VERSION = 5.0;
				TARGETED_DEVICE_FAMILY = "1,2";
			};
			name = Debug;
		};
		F5AB3347225C59F60015D793 /* Release */ = {
			isa = XCBuildConfiguration;
			baseConfigurationReference = F58AAC9DBAAD6E23569200EB /* Pods-SwiftProject.release.xcconfig */;
			buildSettings = {
				ASSETCATALOG_COMPILER_APPICON_NAME = AppIcon;
				CLANG_ENABLE_MODULES = YES;
				CODE_SIGN_STYLE = Automatic;
				INFOPLIST_FILE = SwiftProject/Info.plist;
				LD_RUNPATH_SEARCH_PATHS = (
					"$(inherited)",
					"@executable_path/Frameworks",
				);
				PRODUCT_BUNDLE_IDENTIFIER = slider.SwiftProject;
				PRODUCT_NAME = "$(TARGET_NAME)";
				SWIFT_OBJC_BRIDGING_HEADER = "SwiftProject/SwiftProject-Bridging-Header.h";
				SWIFT_VERSION = 5.0;
				TARGETED_DEVICE_FAMILY = "1,2";
			};
			name = Release;
		};
		F5AB3349225C59F60015D793 /* Debug */ = {
			isa = XCBuildConfiguration;
			baseConfigurationReference = 7CEC51A210412682E4BBE163 /* Pods-SwiftProjectTests.debug.xcconfig */;
			buildSettings = {
				ALWAYS_EMBED_SWIFT_STANDARD_LIBRARIES = YES;
				BUNDLE_LOADER = "$(TEST_HOST)";
				CODE_SIGN_STYLE = Automatic;
				INFOPLIST_FILE = SwiftProjectTests/Info.plist;
				LD_RUNPATH_SEARCH_PATHS = (
					"$(inherited)",
					"@executable_path/Frameworks",
					"@loader_path/Frameworks",
				);
				PRODUCT_BUNDLE_IDENTIFIER = slider.SwiftProjectTests;
				PRODUCT_NAME = "$(TARGET_NAME)";
				SWIFT_VERSION = 5.0;
				TARGETED_DEVICE_FAMILY = "1,2";
				TEST_HOST = "$(BUILT_PRODUCTS_DIR)/SwiftProject.app/SwiftProject";
			};
			name = Debug;
		};
		F5AB334A225C59F60015D793 /* Release */ = {
			isa = XCBuildConfiguration;
			baseConfigurationReference = B348C1A0F5491FF051FB3E31 /* Pods-SwiftProjectTests.release.xcconfig */;
			buildSettings = {
				ALWAYS_EMBED_SWIFT_STANDARD_LIBRARIES = YES;
				BUNDLE_LOADER = "$(TEST_HOST)";
				CODE_SIGN_STYLE = Automatic;
				INFOPLIST_FILE = SwiftProjectTests/Info.plist;
				LD_RUNPATH_SEARCH_PATHS = (
					"$(inherited)",
					"@executable_path/Frameworks",
					"@loader_path/Frameworks",
				);
				PRODUCT_BUNDLE_IDENTIFIER = slider.SwiftProjectTests;
				PRODUCT_NAME = "$(TARGET_NAME)";
				SWIFT_VERSION = 5.0;
				TARGETED_DEVICE_FAMILY = "1,2";
				TEST_HOST = "$(BUILT_PRODUCTS_DIR)/SwiftProject.app/SwiftProject";
			};
			name = Release;
		};
		F5AB334C225C59F60015D793 /* Debug */ = {
			isa = XCBuildConfiguration;
			baseConfigurationReference = D422BB7E3218B80F5690F9DC /* Pods-SwiftProjectUITests.debug.xcconfig */;
			buildSettings = {
				ALWAYS_EMBED_SWIFT_STANDARD_LIBRARIES = YES;
				CODE_SIGN_STYLE = Automatic;
				INFOPLIST_FILE = SwiftProjectUITests/Info.plist;
				LD_RUNPATH_SEARCH_PATHS = (
					"$(inherited)",
					"@executable_path/Frameworks",
					"@loader_path/Frameworks",
				);
				PRODUCT_BUNDLE_IDENTIFIER = slider.SwiftProjectUITests;
				PRODUCT_NAME = "$(TARGET_NAME)";
				SWIFT_VERSION = 5.0;
				TARGETED_DEVICE_FAMILY = "1,2";
				TEST_TARGET_NAME = SwiftProject;
			};
			name = Debug;
		};
		F5AB334D225C59F60015D793 /* Release */ = {
			isa = XCBuildConfiguration;
			baseConfigurationReference = 54A64135ECF32B873B4BA820 /* Pods-SwiftProjectUITests.release.xcconfig */;
			buildSettings = {
				ALWAYS_EMBED_SWIFT_STANDARD_LIBRARIES = YES;
				CODE_SIGN_STYLE = Automatic;
				INFOPLIST_FILE = SwiftProjectUITests/Info.plist;
				LD_RUNPATH_SEARCH_PATHS = (
					"$(inherited)",
					"@executable_path/Frameworks",
					"@loader_path/Frameworks",
				);
				PRODUCT_BUNDLE_IDENTIFIER = slider.SwiftProjectUITests;
				PRODUCT_NAME = "$(TARGET_NAME)";
				SWIFT_VERSION = 5.0;
				TARGETED_DEVICE_FAMILY = "1,2";
				TEST_TARGET_NAME = SwiftProject;
			};
			name = Release;
		};
/* End XCBuildConfiguration section */

/* Begin XCConfigurationList section */
		F5AB3318225C59EF0015D793 /* Build configuration list for PBXProject "SwiftProject" */ = {
			isa = XCConfigurationList;
			buildConfigurations = (
				F5AB3343225C59F60015D793 /* Debug */,
				F5AB3344225C59F60015D793 /* Release */,
			);
			defaultConfigurationIsVisible = 0;
			defaultConfigurationName = Release;
		};
		F5AB3345225C59F60015D793 /* Build configuration list for PBXNativeTarget "SwiftProject" */ = {
			isa = XCConfigurationList;
			buildConfigurations = (
				F5AB3346225C59F60015D793 /* Debug */,
				F5AB3347225C59F60015D793 /* Release */,
			);
			defaultConfigurationIsVisible = 0;
			defaultConfigurationName = Release;
		};
		F5AB3348225C59F60015D793 /* Build configuration list for PBXNativeTarget "SwiftProjectTests" */ = {
			isa = XCConfigurationList;
			buildConfigurations = (
				F5AB3349225C59F60015D793 /* Debug */,
				F5AB334A225C59F60015D793 /* Release */,
			);
			defaultConfigurationIsVisible = 0;
			defaultConfigurationName = Release;
		};
		F5AB334B225C59F60015D793 /* Build configuration list for PBXNativeTarget "SwiftProjectUITests" */ = {
			isa = XCConfigurationList;
			buildConfigurations = (
				F5AB334C225C59F60015D793 /* Debug */,
				F5AB334D225C59F60015D793 /* Release */,
			);
			defaultConfigurationIsVisible = 0;
			defaultConfigurationName = Release;
		};
/* End XCConfigurationList section */
	};
	rootObject = F5AB3315225C59EF0015D793 /* Project object */;
}
